
Microsoft Visual Studio Solution File, Format Version 12.00
# Visual Studio 2013
VisualStudioVersion = 12.0.21005.1
MinimumVisualStudioVersion = 10.0.40219.1
Project("{FAE04EC0-301F-11D3-BF4B-00C04F79EFBC}") = "MvcShoppingCart", "MvcShoppingCart\MvcShoppingCart.csproj", "{74131753-7AF1-4FDD-8B94-1A33A3834F76}"
EndProject
Project("{FAE04EC0-301F-11D3-BF4B-00C04F79EFBC}") = "MvcShoppingCart.Tests", "MvcShoppingCart.Tests\MvcShoppingCart.Tests.csproj", "{11569A87-AEFB-4F02-A02F-3AE61699DE85}"
EndProject
Project("{2150E333-8FDC-42A3-9474-1A3956D46DE8}") = "Solution Items", "Solution Items", "{DA747C51-8575-4296-9AF6-7F3F5E299960}"
	ProjectSection(SolutionItems) = preProject
		.nuget\NuGet.Config = .nuget\NuGet.Config
		.nuget\NuGet.exe = .nuget\NuGet.exe
		.nuget\NuGet.targets = .nuget\NuGet.targets
	EndProjectSection
EndProject
Global
	GlobalSection(SolutionConfigurationPlatforms) = preSolution
		Debug|Any CPU = Debug|Any CPU
		Release|Any CPU = Release|Any CPU
	EndGlobalSection
	GlobalSection(ProjectConfigurationPlatforms) = postSolution
		{74131753-7AF1-4FDD-8B94-1A33A3834F76}.Debug|Any CPU.ActiveCfg = Debug|Any CPU
		{74131753-7AF1-4FDD-8B94-1A33A3834F76}.Debug|Any CPU.Build.0 = Debug|Any CPU
		{74131753-7AF1-4FDD-8B94-1A33A3834F76}.Release|Any CPU.ActiveCfg = Release|Any CPU
		{74131753-7AF1-4FDD-8B94-1A33A3834F76}.Release|Any CPU.Build.0 = Release|Any CPU
		{11569A87-AEFB-4F02-A02F-3AE61699DE85}.Debug|Any CPU.ActiveCfg = Debug|Any CPU
		{11569A87-AEFB-4F02-A02F-3AE61699DE85}.Debug|Any CPU.Build.0 = Debug|Any CPU
		{11569A87-AEFB-4F02-A02F-3AE61699DE85}.Release|Any CPU.ActiveCfg = Release|Any CPU
		{11569A87-AEFB-4F02-A02F-3AE61699DE85}.Release|Any CPU.Build.0 = Release|Any CPU
	EndGlobalSection
	GlobalSection(SolutionProperties) = preSolution
		HideSolutionNode = FALSE
	EndGlobalSection
EndGlobal
